// !$*UTF8*$!
{
	archiveVersion = 1;
	classes = {
	};
	objectVersion = 55;
	objects = {

/* Begin PBXBuildFile section */
		347E618027D12A7E00027D24 /* AppDelegate.swift in Sources */ = {isa = PBXBuildFile; fileRef = 347E617F27D12A7E00027D24 /* AppDelegate.swift */; };
		347E618227D12A7E00027D24 /* SceneDelegate.swift in Sources */ = {isa = PBXBuildFile; fileRef = 347E618127D12A7E00027D24 /* SceneDelegate.swift */; };
		347E618427D12A7E00027D24 /* ViewController.swift in Sources */ = {isa = PBXBuildFile; fileRef = 347E618327D12A7E00027D24 /* ViewController.swift */; };
		347E618727D12A7E00027D24 /* Main.storyboard in Resources */ = {isa = PBXBuildFile; fileRef = 347E618527D12A7E00027D24 /* Main.storyboard */; };
		347E618927D12A8000027D24 /* Assets.xcassets in Resources */ = {isa = PBXBuildFile; fileRef = 347E618827D12A8000027D24 /* Assets.xcassets */; };
		347E618C27D12A8000027D24 /* LaunchScreen.storyboard in Resources */ = {isa = PBXBuildFile; fileRef = 347E618A27D12A8000027D24 /* LaunchScreen.storyboard */; };
		347E619427D12BD000027D24 /* GoogleService-Info.plist in Resources */ = {isa = PBXBuildFile; fileRef = 347E619327D12BD000027D24 /* GoogleService-Info.plist */; };
		347E619727D12DB600027D24 /* FirebaseFirestore in Frameworks */ = {isa = PBXBuildFile; productRef = 347E619627D12DB600027D24 /* FirebaseFirestore */; };
		347E619927D12DB600027D24 /* FirebaseFirestoreSwift-Beta in Frameworks */ = {isa = PBXBuildFile; productRef = 347E619827D12DB600027D24 /* FirebaseFirestoreSwift-Beta */; };
		34B21AA827D7B785006F6CFE /* RecipeHandler.swift in Sources */ = {isa = PBXBuildFile; fileRef = 34B21AA727D7B785006F6CFE /* RecipeHandler.swift */; };
		34B21AAA27D7B825006F6CFE /* Recipe.swift in Sources */ = {isa = PBXBuildFile; fileRef = 34B21AA927D7B825006F6CFE /* Recipe.swift */; };
/* End PBXBuildFile section */

/* Begin PBXFileReference section */
		347E617C27D12A7E00027D24 /* firebaseFollowAlong.app */ = {isa = PBXFileReference; explicitFileType = wrapper.application; includeInIndex = 0; path = firebaseFollowAlong.app; sourceTree = BUILT_PRODUCTS_DIR; };
		347E617F27D12A7E00027D24 /* AppDelegate.swift */ = {isa = PBXFileReference; lastKnownFileType = sourcecode.swift; path = AppDelegate.swift; sourceTree = "<group>"; };
		347E618127D12A7E00027D24 /* SceneDelegate.swift */ = {isa = PBXFileReference; lastKnownFileType = sourcecode.swift; path = SceneDelegate.swift; sourceTree = "<group>"; };
		347E618327D12A7E00027D24 /* ViewController.swift */ = {isa = PBXFileReference; lastKnownFileType = sourcecode.swift; path = ViewController.swift; sourceTree = "<group>"; };
		347E618627D12A7E00027D24 /* Base */ = {isa = PBXFileReference; lastKnownFileType = file.storyboard; name = Base; path = Base.lproj/Main.storyboard; sourceTree = "<group>"; };
		347E618827D12A8000027D24 /* Assets.xcassets */ = {isa = PBXFileReference; lastKnownFileType = folder.assetcatalog; path = Assets.xcassets; sourceTree = "<group>"; };
		347E618B27D12A8000027D24 /* Base */ = {isa = PBXFileReference; lastKnownFileType = file.storyboard; name = Base; path = Base.lproj/LaunchScreen.storyboard; sourceTree = "<group>"; };
		347E618D27D12A8000027D24 /* Info.plist */ = {isa = PBXFileReference; lastKnownFileType = text.plist.xml; path = Info.plist; sourceTree = "<group>"; };
		347E619327D12BD000027D24 /* GoogleService-Info.plist */ = {isa = PBXFileReference; fileEncoding = 4; lastKnownFileType = text.plist.xml; path = "GoogleService-Info.plist"; sourceTree = "<group>"; };
		34B21AA727D7B785006F6CFE /* RecipeHandler.swift */ = {isa = PBXFileReference; lastKnownFileType = sourcecode.swift; path = RecipeHandler.swift; sourceTree = "<group>"; };
		34B21AA927D7B825006F6CFE /* Recipe.swift */ = {isa = PBXFileReference; lastKnownFileType = sourcecode.swift; path = Recipe.swift; sourceTree = "<group>"; };
/* End PBXFileReference section */

/* Begin PBXFrameworksBuildPhase section */
		347E617927D12A7E00027D24 /* Frameworks */ = {
			isa = PBXFrameworksBuildPhase;
			buildActionMask = 2147483647;
			files = (
				347E619727D12DB600027D24 /* FirebaseFirestore in Frameworks */,
				347E619927D12DB600027D24 /* FirebaseFirestoreSwift-Beta in Frameworks */,
			);
			runOnlyForDeploymentPostprocessing = 0;
		};
/* End PBXFrameworksBuildPhase section */

/* Begin PBXGroup section */
		347E617327D12A7E00027D24 = {
			isa = PBXGroup;
			children = (
				347E617E27D12A7E00027D24 /* firebaseFollowAlong */,
				347E617D27D12A7E00027D24 /* Products */,
			);
			sourceTree = "<group>";
		};
		347E617D27D12A7E00027D24 /* Products */ = {
			isa = PBXGroup;
			children = (
				347E617C27D12A7E00027D24 /* firebaseFollowAlong.app */,
			);
			name = Products;
			sourceTree = "<group>";
		};
		347E617E27D12A7E00027D24 /* firebaseFollowAlong */ = {
			isa = PBXGroup;
			children = (
				347E617F27D12A7E00027D24 /* AppDelegate.swift */,
				347E618127D12A7E00027D24 /* SceneDelegate.swift */,
				347E618327D12A7E00027D24 /* ViewController.swift */,
				347E618527D12A7E00027D24 /* Main.storyboard */,
				34B21AA727D7B785006F6CFE /* RecipeHandler.swift */,
				34B21AA927D7B825006F6CFE /* Recipe.swift */,
				347E618827D12A8000027D24 /* Assets.xcassets */,
				347E618A27D12A8000027D24 /* LaunchScreen.storyboard */,
				347E618D27D12A8000027D24 /* Info.plist */,
				347E619327D12BD000027D24 /* GoogleService-Info.plist */,
			);
			path = firebaseFollowAlong;
			sourceTree = "<group>";
		};
/* End PBXGroup section */

/* Begin PBXNativeTarget section */
		347E617B27D12A7E00027D24 /* firebaseFollowAlong */ = {
			isa = PBXNativeTarget;
			buildConfigurationList = 347E619027D12A8000027D24 /* Build configuration list for PBXNativeTarget "firebaseFollowAlong" */;
			buildPhases = (
				347E617827D12A7E00027D24 /* Sources */,
				347E617927D12A7E00027D24 /* Frameworks */,
				347E617A27D12A7E00027D24 /* Resources */,
			);
			buildRules = (
			);
			dependencies = (
			);
			name = firebaseFollowAlong;
			packageProductDependencies = (
				347E619627D12DB600027D24 /* FirebaseFirestore */,
				347E619827D12DB600027D24 /* FirebaseFirestoreSwift-Beta */,
			);
			productName = firebaseFollowAlong;
			productReference = 347E617C27D12A7E00027D24 /* firebaseFollowAlong.app */;
			productType = "com.apple.product-type.application";
		};
/* End PBXNativeTarget section */

/* Begin PBXProject section */
		347E617427D12A7E00027D24 /* Project object */ = {
			isa = PBXProject;
			attributes = {
				BuildIndependentTargetsInParallel = 1;
				LastSwiftUpdateCheck = 1320;
				LastUpgradeCheck = 1320;
				TargetAttributes = {
					347E617B27D12A7E00027D24 = {
						CreatedOnToolsVersion = 13.2.1;
					};
				};
			};
			buildConfigurationList = 347E617727D12A7E00027D24 /* Build configuration list for PBXProject "firebaseFollowAlong" */;
			compatibilityVersion = "Xcode 13.0";
			developmentRegion = en;
			hasScannedForEncodings = 0;
			knownRegions = (
				en,
				Base,
			);
			mainGroup = 347E617327D12A7E00027D24;
			packageReferences = (
				347E619527D12DB500027D24 /* XCRemoteSwiftPackageReference "firebase-ios-sdk" */,
			);
			productRefGroup = 347E617D27D12A7E00027D24 /* Products */;
			projectDirPath = "";
			projectRoot = "";
			targets = (
				347E617B27D12A7E00027D24 /* firebaseFollowAlong */,
			);
		};
/* End PBXProject section */

/* Begin PBXResourcesBuildPhase section */
		347E617A27D12A7E00027D24 /* Resources */ = {
			isa = PBXResourcesBuildPhase;
			buildActionMask = 2147483647;
			files = (
				347E618C27D12A8000027D24 /* LaunchScreen.storyboard in Resources */,
				347E619427D12BD000027D24 /* GoogleService-Info.plist in Resources */,
				347E618927D12A8000027D24 /* Assets.xcassets in Resources */,
				347E618727D12A7E00027D24 /* Main.storyboard in Resources */,
			);
			runOnlyForDeploymentPostprocessing = 0;
		};
/* End PBXResourcesBuildPhase section */

/* Begin PBXSourcesBuildPhase section */
		347E617827D12A7E00027D24 /* Sources */ = {
			isa = PBXSourcesBuildPhase;
			buildActionMask = 2147483647;
			files = (
				34B21AA827D7B785006F6CFE /* RecipeHandler.swift in Sources */,
				347E618427D12A7E00027D24 /* ViewController.swift in Sources */,
				347E618027D12A7E00027D24 /* AppDelegate.swift in Sources */,
				347E618227D12A7E00027D24 /* SceneDelegate.swift in Sources */,
				34B21AAA27D7B825006F6CFE /* Recipe.swift in Sources */,
			);
			runOnlyForDeploymentPostprocessing = 0;
		};
/* End PBXSourcesBuildPhase section */

/* Begin PBXVariantGroup section */
		347E618527D12A7E00027D24 /* Main.storyboard */ = {
			isa = PBXVariantGroup;
			children = (
				347E618627D12A7E00027D24 /* Base */,
			);
			name = Main.storyboard;
			sourceTree = "<group>";
		};
		347E618A27D12A8000027D24 /* LaunchScreen.storyboard */ = {
			isa = PBXVariantGroup;
			children = (
				347E618B27D12A8000027D24 /* Base */,
			);
			name = LaunchScreen.storyboard;
			sourceTree = "<group>";
		};
/* End PBXVariantGroup section */

/* Begin XCBuildConfiguration section */
		347E618E27D12A8000027D24 /* Debug */ = {
			isa = XCBuildConfiguration;
			buildSettings = {
				ALWAYS_SEARCH_USER_PATHS = NO;
				CLANG_ANALYZER_NONNULL = YES;
				CLANG_ANALYZER_NUMBER_OBJECT_CONVERSION = YES_AGGRESSIVE;
				CLANG_CXX_LANGUAGE_STANDARD = "gnu++17";
				CLANG_CXX_LIBRARY = "libc++";
				CLANG_ENABLE_MODULES = YES;
				CLANG_ENABLE_OBJC_ARC = YES;
				CLANG_ENABLE_OBJC_WEAK = YES;
				CLANG_WARN_BLOCK_CAPTURE_AUTORELEASING = YES;
				CLANG_WARN_BOOL_CONVERSION = YES;
				CLANG_WARN_COMMA = YES;
				CLANG_WARN_CONSTANT_CONVERSION = YES;
				CLANG_WARN_DEPRECATED_OBJC_IMPLEMENTATIONS = YES;
				CLANG_WARN_DIRECT_OBJC_ISA_USAGE = YES_ERROR;
				CLANG_WARN_DOCUMENTATION_COMMENTS = YES;
				CLANG_WARN_EMPTY_BODY = YES;
				CLANG_WARN_ENUM_CONVERSION = YES;
				CLANG_WARN_INFINITE_RECURSION = YES;
				CLANG_WARN_INT_CONVERSION = YES;
				CLANG_WARN_NON_LITERAL_NULL_CONVERSION = YES;
				CLANG_WARN_OBJC_IMPLICIT_RETAIN_SELF = YES;
				CLANG_WARN_OBJC_LITERAL_CONVERSION = YES;
				CLANG_WARN_OBJC_ROOT_CLASS = YES_ERROR;
				CLANG_WARN_QUOTED_INCLUDE_IN_FRAMEWORK_HEADER = YES;
				CLANG_WARN_RANGE_LOOP_ANALYSIS = YES;
				CLANG_WARN_STRICT_PROTOTYPES = YES;
				CLANG_WARN_SUSPICIOUS_MOVE = YES;
				CLANG_WARN_UNGUARDED_AVAILABILITY = YES_AGGRESSIVE;
				CLANG_WARN_UNREACHABLE_CODE = YES;
				CLANG_WARN__DUPLICATE_METHOD_MATCH = YES;
				COPY_PHASE_STRIP = NO;
				DEBUG_INFORMATION_FORMAT = dwarf;
				ENABLE_STRICT_OBJC_MSGSEND = YES;
				ENABLE_TESTABILITY = YES;
				GCC_C_LANGUAGE_STANDARD = gnu11;
				GCC_DYNAMIC_NO_PIC = NO;
				GCC_NO_COMMON_BLOCKS = YES;
				GCC_OPTIMIZATION_LEVEL = 0;
				GCC_PREPROCESSOR_DEFINITIONS = (
					"DEBUG=1",
					"$(inherited)",
				);
				GCC_WARN_64_TO_32_BIT_CONVERSION = YES;
				GCC_WARN_ABOUT_RETURN_TYPE = YES_ERROR;
				GCC_WARN_UNDECLARED_SELECTOR = YES;
				GCC_WARN_UNINITIALIZED_AUTOS = YES_AGGRESSIVE;
				GCC_WARN_UNUSED_FUNCTION = YES;
				GCC_WARN_UNUSED_VARIABLE = YES;
				IPHONEOS_DEPLOYMENT_TARGET = 15.2;
				MTL_ENABLE_DEBUG_INFO = INCLUDE_SOURCE;
				MTL_FAST_MATH = YES;
				ONLY_ACTIVE_ARCH = YES;
				SDKROOT = iphoneos;
				SWIFT_ACTIVE_COMPILATION_CONDITIONS = DEBUG;
				SWIFT_OPTIMIZATION_LEVEL = "-Onone";
			};
			name = Debug;
		};
		347E618F27D12A8000027D24 /* Release */ = {
			isa = XCBuildConfiguration;
			buildSettings = {
				ALWAYS_SEARCH_USER_PATHS = NO;
				CLANG_ANALYZER_NONNULL = YES;
				CLANG_ANALYZER_NUMBER_OBJECT_CONVERSION = YES_AGGRESSIVE;
				CLANG_CXX_LANGUAGE_STANDARD = "gnu++17";
				CLANG_CXX_LIBRARY = "libc++";
				CLANG_ENABLE_MODULES = YES;
				CLANG_ENABLE_OBJC_ARC = YES;
				CLANG_ENABLE_OBJC_WEAK = YES;
				CLANG_WARN_BLOCK_CAPTURE_AUTORELEASING = YES;
				CLANG_WARN_BOOL_CONVERSION = YES;
				CLANG_WARN_COMMA = YES;
				CLANG_WARN_CONSTANT_CONVERSION = YES;
				CLANG_WARN_DEPRECATED_OBJC_IMPLEMENTATIONS = YES;
				CLANG_WARN_DIRECT_OBJC_ISA_USAGE = YES_ERROR;
				CLANG_WARN_DOCUMENTATION_COMMENTS = YES;
				CLANG_WARN_EMPTY_BODY = YES;
				CLANG_WARN_ENUM_CONVERSION = YES;
				CLANG_WARN_INFINITE_RECURSION = YES;
				CLANG_WARN_INT_CONVERSION = YES;
				CLANG_WARN_NON_LITERAL_NULL_CONVERSION = YES;
				CLANG_WARN_OBJC_IMPLICIT_RETAIN_SELF = YES;
				CLANG_WARN_OBJC_LITERAL_CONVERSION = YES;
				CLANG_WARN_OBJC_ROOT_CLASS = YES_ERROR;
				CLANG_WARN_QUOTED_INCLUDE_IN_FRAMEWORK_HEADER = YES;
				CLANG_WARN_RANGE_LOOP_ANALYSIS = YES;
				CLANG_WARN_STRICT_PROTOTYPES = YES;
				CLANG_WARN_SUSPICIOUS_MOVE = YES;
				CLANG_WARN_UNGUARDED_AVAILABILITY = YES_AGGRESSIVE;
				CLANG_WARN_UNREACHABLE_CODE = YES;
				CLANG_WARN__DUPLICATE_METHOD_MATCH = YES;
				COPY_PHASE_STRIP = NO;
				DEBUG_INFORMATION_FORMAT = "dwarf-with-dsym";
				ENABLE_NS_ASSERTIONS = NO;
				ENABLE_STRICT_OBJC_MSGSEND = YES;
				GCC_C_LANGUAGE_STANDARD = gnu11;
				GCC_NO_COMMON_BLOCKS = YES;
				GCC_WARN_64_TO_32_BIT_CONVERSION = YES;
				GCC_WARN_ABOUT_RETURN_TYPE = YES_ERROR;
				GCC_WARN_UNDECLARED_SELECTOR = YES;
				GCC_WARN_UNINITIALIZED_AUTOS = YES_AGGRESSIVE;
				GCC_WARN_UNUSED_FUNCTION = YES;
				GCC_WARN_UNUSED_VARIABLE = YES;
				IPHONEOS_DEPLOYMENT_TARGET = 15.2;
				MTL_ENABLE_DEBUG_INFO = NO;
				MTL_FAST_MATH = YES;
				SDKROOT = iphoneos;
				SWIFT_COMPILATION_MODE = wholemodule;
				SWIFT_OPTIMIZATION_LEVEL = "-O";
				VALIDATE_PRODUCT = YES;
			};
			name = Release;
		};
		347E619127D12A8000027D24 /* Debug */ = {
			isa = XCBuildConfiguration;
			buildSettings = {
				ASSETCATALOG_COMPILER_APPICON_NAME = AppIcon;
				ASSETCATALOG_COMPILER_GLOBAL_ACCENT_COLOR_NAME = AccentColor;
				CODE_SIGN_STYLE = Automatic;
				CURRENT_PROJECT_VERSION = 1;
				GENERATE_INFOPLIST_FILE = YES;
				INFOPLIST_FILE = firebaseFollowAlong/Info.plist;
				INFOPLIST_KEY_UIApplicationSupportsIndirectInputEvents = YES;
				INFOPLIST_KEY_UILaunchStoryboardName = LaunchScreen;
				INFOPLIST_KEY_UIMainStoryboardFile = Main;
				INFOPLIST_KEY_UISupportedInterfaceOrientations_iPad = "UIInterfaceOrientationPortrait UIInterfaceOrientationPortraitUpsideDown UIInterfaceOrientationLandscapeLeft UIInterfaceOrientationLandscapeRight";
				INFOPLIST_KEY_UISupportedInterfaceOrientations_iPhone = "UIInterfaceOrientationPortrait UIInterfaceOrientationLandscapeLeft UIInterfaceOrientationLandscapeRight";
				LD_RUNPATH_SEARCH_PATHS = (
					"$(inherited)",
					"@executable_path/Frameworks",
				);
				MARKETING_VERSION = 1.0;
				PRODUCT_BUNDLE_IDENTIFIER = MADS21.firebaseFollowAlong;
				PRODUCT_NAME = "$(TARGET_NAME)";
				SWIFT_EMIT_LOC_STRINGS = YES;
				SWIFT_VERSION = 5.0;
				TARGETED_DEVICE_FAMILY = "1,2";
			};
			name = Debug;
		};
		347E619227D12A8000027D24 /* Release */ = {
			isa = XCBuildConfiguration;
			buildSettings = {
				ASSETCATALOG_COMPILER_APPICON_NAME = AppIcon;
				ASSETCATALOG_COMPILER_GLOBAL_ACCENT_COLOR_NAME = AccentColor;
				CODE_SIGN_STYLE = Automatic;
				CURRENT_PROJECT_VERSION = 1;
				GENERATE_INFOPLIST_FILE = YES;
				INFOPLIST_FILE = firebaseFollowAlong/Info.plist;
				INFOPLIST_KEY_UIApplicationSupportsIndirectInputEvents = YES;
				INFOPLIST_KEY_UILaunchStoryboardName = LaunchScreen;
				INFOPLIST_KEY_UIMainStoryboardFile = Main;
				INFOPLIST_KEY_UISupportedInterfaceOrientations_iPad = "UIInterfaceOrientationPortrait UIInterfaceOrientationPortraitUpsideDown UIInterfaceOrientationLandscapeLeft UIInterfaceOrientationLandscapeRight";
				INFOPLIST_KEY_UISupportedInterfaceOrientations_iPhone = "UIInterfaceOrientationPortrait UIInterfaceOrientationLandscapeLeft UIInterfaceOrientationLandscapeRight";
				LD_RUNPATH_SEARCH_PATHS = (
					"$(inherited)",
					"@executable_path/Frameworks",
				);
				MARKETING_VERSION = 1.0;
				PRODUCT_BUNDLE_IDENTIFIER = MADS21.firebaseFollowAlong;
				PRODUCT_NAME = "$(TARGET_NAME)";
				SWIFT_EMIT_LOC_STRINGS = YES;
				SWIFT_VERSION = 5.0;
				TARGETED_DEVICE_FAMILY = "1,2";
			};
			name = Release;
		};
/* End XCBuildConfiguration section */

/* Begin XCConfigurationList section */
		347E617727D12A7E00027D24 /* Build configuration list for PBXProject "firebaseFollowAlong" */ = {
			isa = XCConfigurationList;
			buildConfigurations = (
				347E618E27D12A8000027D24 /* Debug */,
				347E618F27D12A8000027D24 /* Release */,
			);
			defaultConfigurationIsVisible = 0;
			defaultConfigurationName = Release;
		};
		347E619027D12A8000027D24 /* Build configuration list for PBXNativeTarget "firebaseFollowAlong" */ = {
			isa = XCConfigurationList;
			buildConfigurations = (
				347E619127D12A8000027D24 /* Debug */,
				347E619227D12A8000027D24 /* Release */,
			);
			defaultConfigurationIsVisible = 0;
			defaultConfigurationName = Release;
		};
/* End XCConfigurationList section */

/* Begin XCRemoteSwiftPackageReference section */
		347E619527D12DB500027D24 /* XCRemoteSwiftPackageReference "firebase-ios-sdk" */ = {
			isa = XCRemoteSwiftPackageReference;
			repositoryURL = "https://github.com/firebase/firebase-ios-sdk";
			requirement = {
				kind = upToNextMajorVersion;
				minimumVersion = 8.0.0;
			};
		};
/* End XCRemoteSwiftPackageReference section */

/* Begin XCSwiftPackageProductDependency section */
		347E619627D12DB600027D24 /* FirebaseFirestore */ = {
			isa = XCSwiftPackageProductDependency;
			package = 347E619527D12DB500027D24 /* XCRemoteSwiftPackageReference "firebase-ios-sdk" */;
			productName = FirebaseFirestore;
		};
		347E619827D12DB600027D24 /* FirebaseFirestoreSwift-Beta */ = {
			isa = XCSwiftPackageProductDependency;
			package = 347E619527D12DB500027D24 /* XCRemoteSwiftPackageReference "firebase-ios-sdk" */;
			productName = "FirebaseFirestoreSwift-Beta";
		};
/* End XCSwiftPackageProductDependency section */
	};
	rootObject = 347E617427D12A7E00027D24 /* Project object */;
}
